
Microsoft Visual Studio Solution File, Format Version 12.00
# Visual Studio Version 17
VisualStudioVersion = 17.3.32819.101
MinimumVisualStudioVersion = 10.0.40219.1
Project("{9A19103F-16F7-4668-BE54-9A1E7A4F7556}") = "HW-Methods(PrintSymbols)", "Lessons. Part 2\HW-Methods(PrintSymbols).csproj", "{FE5DBFE5-05E3-44DB-B0CD-3AAC402CB2E8}"
EndProject
Project("{9A19103F-16F7-4668-BE54-9A1E7A4F7556}") = "HW-Methods(Find index of element)", "HW-Methods(Find index of element)\HW-Methods(Find index of element).csproj", "{DD99A35C-2A60-4765-9BA4-90330ADBBF43}"
EndProject
Project("{9A19103F-16F7-4668-BE54-9A1E7A4F7556}") = "Overloads", "Overloads\Overloads.csproj", "{BBA3505F-A931-4AE4-A36D-5D82953A7963}"
EndProject
Project("{FAE04EC0-301F-11D3-BF4B-00C04F79EFBC}") = "Null and references", "Null and references\Null and references.csproj", "{E8F17C2C-0B00-4521-A906-DFCABF064EFD}"
EndProject
Project("{FAE04EC0-301F-11D3-BF4B-00C04F79EFBC}") = "HW-042", "HW-042\HW-042.csproj", "{4893EB8A-1A64-440B-B6A0-AE7B7DC762FF}"
EndProject
Global
	GlobalSection(SolutionConfigurationPlatforms) = preSolution
		Debug|Any CPU = Debug|Any CPU
		Release|Any CPU = Release|Any CPU
	EndGlobalSection
	GlobalSection(ProjectConfigurationPlatforms) = postSolution
		{FE5DBFE5-05E3-44DB-B0CD-3AAC402CB2E8}.Debug|Any CPU.ActiveCfg = Debug|Any CPU
		{FE5DBFE5-05E3-44DB-B0CD-3AAC402CB2E8}.Debug|Any CPU.Build.0 = Debug|Any CPU
		{FE5DBFE5-05E3-44DB-B0CD-3AAC402CB2E8}.Release|Any CPU.ActiveCfg = Release|Any CPU
		{FE5DBFE5-05E3-44DB-B0CD-3AAC402CB2E8}.Release|Any CPU.Build.0 = Release|Any CPU
		{DD99A35C-2A60-4765-9BA4-90330ADBBF43}.Debug|Any CPU.ActiveCfg = Debug|Any CPU
		{DD99A35C-2A60-4765-9BA4-90330ADBBF43}.Debug|Any CPU.Build.0 = Debug|Any CPU
		{DD99A35C-2A60-4765-9BA4-90330ADBBF43}.Release|Any CPU.ActiveCfg = Release|Any CPU
		{DD99A35C-2A60-4765-9BA4-90330ADBBF43}.Release|Any CPU.Build.0 = Release|Any CPU
		{BBA3505F-A931-4AE4-A36D-5D82953A7963}.Debug|Any CPU.ActiveCfg = Debug|Any CPU
		{BBA3505F-A931-4AE4-A36D-5D82953A7963}.Debug|Any CPU.Build.0 = Debug|Any CPU
		{BBA3505F-A931-4AE4-A36D-5D82953A7963}.Release|Any CPU.ActiveCfg = Release|Any CPU
		{BBA3505F-A931-4AE4-A36D-5D82953A7963}.Release|Any CPU.Build.0 = Release|Any CPU
		{E8F17C2C-0B00-4521-A906-DFCABF064EFD}.Debug|Any CPU.ActiveCfg = Debug|Any CPU
		{E8F17C2C-0B00-4521-A906-DFCABF064EFD}.Debug|Any CPU.Build.0 = Debug|Any CPU
		{E8F17C2C-0B00-4521-A906-DFCABF064EFD}.Release|Any CPU.ActiveCfg = Release|Any CPU
		{E8F17C2C-0B00-4521-A906-DFCABF064EFD}.Release|Any CPU.Build.0 = Release|Any CPU
		{4893EB8A-1A64-440B-B6A0-AE7B7DC762FF}.Debug|Any CPU.ActiveCfg = Debug|Any CPU
		{4893EB8A-1A64-440B-B6A0-AE7B7DC762FF}.Debug|Any CPU.Build.0 = Debug|Any CPU
		{4893EB8A-1A64-440B-B6A0-AE7B7DC762FF}.Release|Any CPU.ActiveCfg = Release|Any CPU
		{4893EB8A-1A64-440B-B6A0-AE7B7DC762FF}.Release|Any CPU.Build.0 = Release|Any CPU
	EndGlobalSection
	GlobalSection(SolutionProperties) = preSolution
		HideSolutionNode = FALSE
	EndGlobalSection
	GlobalSection(ExtensibilityGlobals) = postSolution
		SolutionGuid = {2043866D-1FA0-4018-BF4B-D23B6A041352}
	EndGlobalSection
EndGlobal
